
Microsoft Visual Studio Solution File, Format Version 12.00
# Visual Studio Version 17
VisualStudioVersion = 17.7.34031.279
MinimumVisualStudioVersion = 10.0.40219.1
Project("{FAE04EC0-301F-11D3-BF4B-00C04F79EFBC}") = "drodnso", "drodnso.csproj", "{CD40851B-1696-4CCE-821B-A00F22397F48}"
EndProject
Global
	GlobalSection(SolutionConfigurationPlatforms) = preSolution
		Debug|Any CPU = Debug|Any CPU
		Release|Any CPU = Release|Any CPU
	EndGlobalSection
	GlobalSection(ProjectConfigurationPlatforms) = postSolution
		{CD40851B-1696-4CCE-821B-A00F22397F48}.Debug|Any CPU.ActiveCfg = Debug|Any CPU
		{CD40851B-1696-4CCE-821B-A00F22397F48}.Debug|Any CPU.Build.0 = Debug|Any CPU
		{CD40851B-1696-4CCE-821B-A00F22397F48}.Release|Any CPU.ActiveCfg = Release|Any CPU
		{CD40851B-1696-4CCE-821B-A00F22397F48}.Release|Any CPU.Build.0 = Release|Any CPU
	EndGlobalSection
	GlobalSection(SolutionProperties) = preSolution
		HideSolutionNode = FALSE
	EndGlobalSection
	GlobalSection(ExtensibilityGlobals) = postSolution
		SolutionGuid = {8D6E00AD-9B45-4200-B302-D31312853460}
	EndGlobalSection
EndGlobal
